Microsoft Visual Studio Solution File, Format Version 12.00
# Visual Studio 2013
VisualStudioVersion = 12.0.30723.0
MinimumVisualStudioVersion = 10.0.40219.1
Project("{FAE04EC0-301F-11D3-BF4B-00C04F79EFBC}") = "HolisticWare.PhonEy.WrapperPJSIP.DLLnetfx45", "HolisticWare.PhonEy.WrapperPJSIP.DLLnetfx45\HolisticWare.PhonEy.WrapperPJSIP.DLLnetfx45.csproj", "{B5D53631-B737-41B8-9C6E-C9DD93C7A255}"
EndProject
Project("{FAE04EC0-301F-11D3-BF4B-00C04F79EFBC}") = "HolisticWare.PhonEy.WrapperPJSIP.XamarinIAndroid.DLLnetfx45", "HolisticWare.PhonEy.WrapperPJSIP.XamarinIAndroid.DLLnetfx45\HolisticWare.PhonEy.WrapperPJSIP.XamarinIAndroid.DLLnetfx45.csproj", "{9C146CCD-356A-4BE6-B69F-A50FDB46548A}"
EndProject
Project("{FAE04EC0-301F-11D3-BF4B-00C04F79EFBC}") = "HolisticWare.PhonEy.WrapperPJSIP.XamarinIIOS.DLLnetfx45", "HolisticWare.PhonEy.WrapperPJSIP.XamarinIIOS.DLLnetfx45\HolisticWare.PhonEy.WrapperPJSIP.XamarinIIOS.DLLnetfx45.csproj", "{64BEC21D-DC9B-401C-A361-1575D77D0509}"
EndProject
Project("{FAE04EC0-301F-11D3-BF4B-00C04F79EFBC}") = "HolisticWare.Phoney.XamarinComponent", "HolisticWare.Phoney.XamarinComponent\HolisticWare.Phoney.XamarinComponent.csproj", "{B1382FAD-B37F-455D-8A50-68CBC5E2D973}"
EndProject
Project("{FAE04EC0-301F-11D3-BF4B-00C04F79EFBC}") = "HolisticWare.Phoney.NuGetPackage", "HolisticWare.Phoney.NuGetPackage\HolisticWare.Phoney.NuGetPackage.csproj", "{E39DC591-AF84-4BC7-A6E0-7BCF753A3C57}"
EndProject
Global
	GlobalSection(SolutionConfigurationPlatforms) = preSolution
		Debug|Any CPU = Debug|Any CPU
		Release|Any CPU = Release|Any CPU
	EndGlobalSection
	GlobalSection(ProjectConfigurationPlatforms) = postSolution
		{B5D53631-B737-41B8-9C6E-C9DD93C7A255}.Debug|Any CPU.ActiveCfg = Debug|Any CPU
		{B5D53631-B737-41B8-9C6E-C9DD93C7A255}.Debug|Any CPU.Build.0 = Debug|Any CPU
		{B5D53631-B737-41B8-9C6E-C9DD93C7A255}.Release|Any CPU.ActiveCfg = Release|Any CPU
		{B5D53631-B737-41B8-9C6E-C9DD93C7A255}.Release|Any CPU.Build.0 = Release|Any CPU
		{9C146CCD-356A-4BE6-B69F-A50FDB46548A}.Debug|Any CPU.ActiveCfg = Debug|Any CPU
		{9C146CCD-356A-4BE6-B69F-A50FDB46548A}.Debug|Any CPU.Build.0 = Debug|Any CPU
		{9C146CCD-356A-4BE6-B69F-A50FDB46548A}.Release|Any CPU.ActiveCfg = Release|Any CPU
		{9C146CCD-356A-4BE6-B69F-A50FDB46548A}.Release|Any CPU.Build.0 = Release|Any CPU
		{64BEC21D-DC9B-401C-A361-1575D77D0509}.Debug|Any CPU.ActiveCfg = Debug|Any CPU
		{64BEC21D-DC9B-401C-A361-1575D77D0509}.Debug|Any CPU.Build.0 = Debug|Any CPU
		{64BEC21D-DC9B-401C-A361-1575D77D0509}.Release|Any CPU.ActiveCfg = Release|Any CPU
		{64BEC21D-DC9B-401C-A361-1575D77D0509}.Release|Any CPU.Build.0 = Release|Any CPU
		{B1382FAD-B37F-455D-8A50-68CBC5E2D973}.Debug|Any CPU.ActiveCfg = Debug|Any CPU
		{B1382FAD-B37F-455D-8A50-68CBC5E2D973}.Debug|Any CPU.Build.0 = Debug|Any CPU
		{B1382FAD-B37F-455D-8A50-68CBC5E2D973}.Release|Any CPU.ActiveCfg = Release|Any CPU
		{B1382FAD-B37F-455D-8A50-68CBC5E2D973}.Release|Any CPU.Build.0 = Release|Any CPU
		{E39DC591-AF84-4BC7-A6E0-7BCF753A3C57}.Debug|Any CPU.ActiveCfg = Debug|Any CPU
		{E39DC591-AF84-4BC7-A6E0-7BCF753A3C57}.Debug|Any CPU.Build.0 = Debug|Any CPU
		{E39DC591-AF84-4BC7-A6E0-7BCF753A3C57}.Release|Any CPU.ActiveCfg = Release|Any CPU
		{E39DC591-AF84-4BC7-A6E0-7BCF753A3C57}.Release|Any CPU.Build.0 = Release|Any CPU
	EndGlobalSection
	GlobalSection(SolutionProperties) = preSolution
		HideSolutionNode = FALSE
	EndGlobalSection
EndGlobal
